// !$*UTF8*$!
{
	archiveVersion = 1;
	classes = {
	};
	objectVersion = 56;
	objects = {

/* Begin PBXBuildFile section */
		8B26578D2AE7BBF40015A3C7 /* GiveFoodUKApp.swift in Sources */ = {isa = PBXBuildFile; fileRef = 8B26578C2AE7BBF40015A3C7 /* GiveFoodUKApp.swift */; };
		8B26578F2AE7BBF40015A3C7 /* ContentView.swift in Sources */ = {isa = PBXBuildFile; fileRef = 8B26578E2AE7BBF40015A3C7 /* ContentView.swift */; };
		8B2657912AE7BBF50015A3C7 /* Assets.xcassets in Resources */ = {isa = PBXBuildFile; fileRef = 8B2657902AE7BBF50015A3C7 /* Assets.xcassets */; };
		8B2657942AE7BBF50015A3C7 /* Preview Assets.xcassets in Resources */ = {isa = PBXBuildFile; fileRef = 8B2657932AE7BBF50015A3C7 /* Preview Assets.xcassets */; };
		8B2657A32AE7BC800015A3C7 /* Foodbank.swift in Sources */ = {isa = PBXBuildFile; fileRef = 8B26579B2AE7BC800015A3C7 /* Foodbank.swift */; };
		8B2657A42AE7BC800015A3C7 /* Location.swift in Sources */ = {isa = PBXBuildFile; fileRef = 8B26579C2AE7BC800015A3C7 /* Location.swift */; };
		8B2657A52AE7BC800015A3C7 /* DataController.swift in Sources */ = {isa = PBXBuildFile; fileRef = 8B26579D2AE7BC800015A3C7 /* DataController.swift */; };
		8B2657A62AE7BC800015A3C7 /* ButtonModifiler.swift in Sources */ = {isa = PBXBuildFile; fileRef = 8B26579E2AE7BC800015A3C7 /* ButtonModifiler.swift */; };
		8B2657A72AE7BC800015A3C7 /* Router.swift in Sources */ = {isa = PBXBuildFile; fileRef = 8B26579F2AE7BC800015A3C7 /* Router.swift */; };
		8B2657A82AE7BC800015A3C7 /* ChangeViewTip.swift in Sources */ = {isa = PBXBuildFile; fileRef = 8B2657A02AE7BC800015A3C7 /* ChangeViewTip.swift */; };
		8B2657A92AE7BC800015A3C7 /* SelectFoodbankTip.swift in Sources */ = {isa = PBXBuildFile; fileRef = 8B2657A12AE7BC800015A3C7 /* SelectFoodbankTip.swift */; };
		8B2657AF2AE7BD200015A3C7 /* EnterLocationView.swift in Sources */ = {isa = PBXBuildFile; fileRef = 8B2657AB2AE7BD200015A3C7 /* EnterLocationView.swift */; };
		8B2657B02AE7BD200015A3C7 /* LoadedFoodbankView.swift in Sources */ = {isa = PBXBuildFile; fileRef = 8B2657AC2AE7BD200015A3C7 /* LoadedFoodbankView.swift */; };
		8B2657B12AE7BD200015A3C7 /* FailedView.swift in Sources */ = {isa = PBXBuildFile; fileRef = 8B2657AD2AE7BD200015A3C7 /* FailedView.swift */; };
		8B2657B22AE7BD200015A3C7 /* SelectFoodbankView.swift in Sources */ = {isa = PBXBuildFile; fileRef = 8B2657AE2AE7BD200015A3C7 /* SelectFoodbankView.swift */; };
		8B2657B82AE7BD780015A3C7 /* DropOffView.swift in Sources */ = {isa = PBXBuildFile; fileRef = 8B2657B42AE7BD780015A3C7 /* DropOffView.swift */; };
		8B2657B92AE7BD780015A3C7 /* SelectedFoodbankView.swift in Sources */ = {isa = PBXBuildFile; fileRef = 8B2657B52AE7BD780015A3C7 /* SelectedFoodbankView.swift */; };
		8B2657BA2AE7BD780015A3C7 /* SavedFoodbankView.swift in Sources */ = {isa = PBXBuildFile; fileRef = 8B2657B62AE7BD780015A3C7 /* SavedFoodbankView.swift */; };
		8B2657BB2AE7BD780015A3C7 /* DetailFoodbankView.swift in Sources */ = {isa = PBXBuildFile; fileRef = 8B2657B72AE7BD780015A3C7 /* DetailFoodbankView.swift */; };
		8B4B25542AEACFF100C73CFB /* LocationManager.swift in Sources */ = {isa = PBXBuildFile; fileRef = 8B4B25532AEACFF100C73CFB /* LocationManager.swift */; };
		8B4B25572AEAE44B00C73CFB /* URLSession-Decodable.swift in Sources */ = {isa = PBXBuildFile; fileRef = 8B4B25562AEAE44B00C73CFB /* URLSession-Decodable.swift */; };
		8B4B25592AEBE4C900C73CFB /* FoodbankLocation.swift in Sources */ = {isa = PBXBuildFile; fileRef = 8B4B25582AEBE4C900C73CFB /* FoodbankLocation.swift */; };
		8B4B255B2AEC1BC200C73CFB /* SearchType-enum.swift in Sources */ = {isa = PBXBuildFile; fileRef = 8B4B255A2AEC1BC200C73CFB /* SearchType-enum.swift */; };
/* End PBXBuildFile section */

/* Begin PBXFileReference section */
		8B2657892AE7BBF40015A3C7 /* GiveFoodUK.app */ = {isa = PBXFileReference; explicitFileType = wrapper.application; includeInIndex = 0; path = GiveFoodUK.app; sourceTree = BUILT_PRODUCTS_DIR; };
		8B26578C2AE7BBF40015A3C7 /* GiveFoodUKApp.swift */ = {isa = PBXFileReference; lastKnownFileType = sourcecode.swift; path = GiveFoodUKApp.swift; sourceTree = "<group>"; };
		8B26578E2AE7BBF40015A3C7 /* ContentView.swift */ = {isa = PBXFileReference; lastKnownFileType = sourcecode.swift; path = ContentView.swift; sourceTree = "<group>"; };
		8B2657902AE7BBF50015A3C7 /* Assets.xcassets */ = {isa = PBXFileReference; lastKnownFileType = folder.assetcatalog; path = Assets.xcassets; sourceTree = "<group>"; };
		8B2657932AE7BBF50015A3C7 /* Preview Assets.xcassets */ = {isa = PBXFileReference; lastKnownFileType = folder.assetcatalog; path = "Preview Assets.xcassets"; sourceTree = "<group>"; };
		8B26579B2AE7BC800015A3C7 /* Foodbank.swift */ = {isa = PBXFileReference; fileEncoding = 4; lastKnownFileType = sourcecode.swift; path = Foodbank.swift; sourceTree = "<group>"; };
		8B26579C2AE7BC800015A3C7 /* Location.swift */ = {isa = PBXFileReference; fileEncoding = 4; lastKnownFileType = sourcecode.swift; path = Location.swift; sourceTree = "<group>"; };
		8B26579D2AE7BC800015A3C7 /* DataController.swift */ = {isa = PBXFileReference; fileEncoding = 4; lastKnownFileType = sourcecode.swift; path = DataController.swift; sourceTree = "<group>"; };
		8B26579E2AE7BC800015A3C7 /* ButtonModifiler.swift */ = {isa = PBXFileReference; fileEncoding = 4; lastKnownFileType = sourcecode.swift; path = ButtonModifiler.swift; sourceTree = "<group>"; };
		8B26579F2AE7BC800015A3C7 /* Router.swift */ = {isa = PBXFileReference; fileEncoding = 4; lastKnownFileType = sourcecode.swift; path = Router.swift; sourceTree = "<group>"; };
		8B2657A02AE7BC800015A3C7 /* ChangeViewTip.swift */ = {isa = PBXFileReference; fileEncoding = 4; lastKnownFileType = sourcecode.swift; path = ChangeViewTip.swift; sourceTree = "<group>"; };
		8B2657A12AE7BC800015A3C7 /* SelectFoodbankTip.swift */ = {isa = PBXFileReference; fileEncoding = 4; lastKnownFileType = sourcecode.swift; path = SelectFoodbankTip.swift; sourceTree = "<group>"; };
		8B2657AB2AE7BD200015A3C7 /* EnterLocationView.swift */ = {isa = PBXFileReference; fileEncoding = 4; lastKnownFileType = sourcecode.swift; path = EnterLocationView.swift; sourceTree = "<group>"; };
		8B2657AC2AE7BD200015A3C7 /* LoadedFoodbankView.swift */ = {isa = PBXFileReference; fileEncoding = 4; lastKnownFileType = sourcecode.swift; path = LoadedFoodbankView.swift; sourceTree = "<group>"; };
		8B2657AD2AE7BD200015A3C7 /* FailedView.swift */ = {isa = PBXFileReference; fileEncoding = 4; lastKnownFileType = sourcecode.swift; path = FailedView.swift; sourceTree = "<group>"; };
		8B2657AE2AE7BD200015A3C7 /* SelectFoodbankView.swift */ = {isa = PBXFileReference; fileEncoding = 4; lastKnownFileType = sourcecode.swift; path = SelectFoodbankView.swift; sourceTree = "<group>"; };
		8B2657B42AE7BD780015A3C7 /* DropOffView.swift */ = {isa = PBXFileReference; fileEncoding = 4; lastKnownFileType = sourcecode.swift; path = DropOffView.swift; sourceTree = "<group>"; };
		8B2657B52AE7BD780015A3C7 /* SelectedFoodbankView.swift */ = {isa = PBXFileReference; fileEncoding = 4; lastKnownFileType = sourcecode.swift; path = SelectedFoodbankView.swift; sourceTree = "<group>"; };
		8B2657B62AE7BD780015A3C7 /* SavedFoodbankView.swift */ = {isa = PBXFileReference; fileEncoding = 4; lastKnownFileType = sourcecode.swift; path = SavedFoodbankView.swift; sourceTree = "<group>"; };
		8B2657B72AE7BD780015A3C7 /* DetailFoodbankView.swift */ = {isa = PBXFileReference; fileEncoding = 4; lastKnownFileType = sourcecode.swift; path = DetailFoodbankView.swift; sourceTree = "<group>"; };
		8B4B25532AEACFF100C73CFB /* LocationManager.swift */ = {isa = PBXFileReference; lastKnownFileType = sourcecode.swift; path = LocationManager.swift; sourceTree = "<group>"; };
		8B4B25552AEAD1E400C73CFB /* Info.plist */ = {isa = PBXFileReference; lastKnownFileType = text.plist; path = Info.plist; sourceTree = "<group>"; };
		8B4B25562AEAE44B00C73CFB /* URLSession-Decodable.swift */ = {isa = PBXFileReference; lastKnownFileType = sourcecode.swift; path = "URLSession-Decodable.swift"; sourceTree = "<group>"; };
		8B4B25582AEBE4C900C73CFB /* FoodbankLocation.swift */ = {isa = PBXFileReference; lastKnownFileType = sourcecode.swift; path = FoodbankLocation.swift; sourceTree = "<group>"; };
		8B4B255A2AEC1BC200C73CFB /* SearchType-enum.swift */ = {isa = PBXFileReference; lastKnownFileType = sourcecode.swift; path = "SearchType-enum.swift"; sourceTree = "<group>"; };
/* End PBXFileReference section */

/* Begin PBXFrameworksBuildPhase section */
		8B2657862AE7BBF40015A3C7 /* Frameworks */ = {
			isa = PBXFrameworksBuildPhase;
			buildActionMask = 2147483647;
			files = (
			);
			runOnlyForDeploymentPostprocessing = 0;
		};
/* End PBXFrameworksBuildPhase section */

/* Begin PBXGroup section */
		8B2657802AE7BBF40015A3C7 = {
			isa = PBXGroup;
			children = (
				8B26578B2AE7BBF40015A3C7 /* GiveFoodUK */,
				8B26578A2AE7BBF40015A3C7 /* Products */,
			);
			sourceTree = "<group>";
		};
		8B26578A2AE7BBF40015A3C7 /* Products */ = {
			isa = PBXGroup;
			children = (
				8B2657892AE7BBF40015A3C7 /* GiveFoodUK.app */,
			);
			name = Products;
			sourceTree = "<group>";
		};
		8B26578B2AE7BBF40015A3C7 /* GiveFoodUK */ = {
			isa = PBXGroup;
			children = (
				8B4B25552AEAD1E400C73CFB /* Info.plist */,
				8B26578C2AE7BBF40015A3C7 /* GiveFoodUKApp.swift */,
				8B26578E2AE7BBF40015A3C7 /* ContentView.swift */,
				8B2657B32AE7BD2F0015A3C7 /* Search */,
				8B2657BC2AE7BD860015A3C7 /* Saved */,
				8BB76ABE2AE9593B00E05FA2 /* Tips */,
				8B2657AA2AE7BCAA0015A3C7 /* Supporting */,
				8B2657902AE7BBF50015A3C7 /* Assets.xcassets */,
				8B2657922AE7BBF50015A3C7 /* Preview Content */,
			);
			path = GiveFoodUK;
			sourceTree = "<group>";
		};
		8B2657922AE7BBF50015A3C7 /* Preview Content */ = {
			isa = PBXGroup;
			children = (
				8B2657932AE7BBF50015A3C7 /* Preview Assets.xcassets */,
			);
			path = "Preview Content";
			sourceTree = "<group>";
		};
		8B2657AA2AE7BCAA0015A3C7 /* Supporting */ = {
			isa = PBXGroup;
			children = (
				8B26579D2AE7BC800015A3C7 /* DataController.swift */,
				8B4B25582AEBE4C900C73CFB /* FoodbankLocation.swift */,
				8B26579B2AE7BC800015A3C7 /* Foodbank.swift */,
				8B26579C2AE7BC800015A3C7 /* Location.swift */,
				8B26579F2AE7BC800015A3C7 /* Router.swift */,
				8B4B25532AEACFF100C73CFB /* LocationManager.swift */,
				8B26579E2AE7BC800015A3C7 /* ButtonModifiler.swift */,
				8B4B25562AEAE44B00C73CFB /* URLSession-Decodable.swift */,
				8B4B255A2AEC1BC200C73CFB /* SearchType-enum.swift */,
			);
			path = Supporting;
			sourceTree = "<group>";
		};
		8B2657B32AE7BD2F0015A3C7 /* Search */ = {
			isa = PBXGroup;
			children = (
				8B2657AB2AE7BD200015A3C7 /* EnterLocationView.swift */,
				8B2657AE2AE7BD200015A3C7 /* SelectFoodbankView.swift */,
				8B2657AC2AE7BD200015A3C7 /* LoadedFoodbankView.swift */,
				8B2657AD2AE7BD200015A3C7 /* FailedView.swift */,
			);
			path = Search;
			sourceTree = "<group>";
		};
		8B2657BC2AE7BD860015A3C7 /* Saved */ = {
			isa = PBXGroup;
			children = (
				8B2657B62AE7BD780015A3C7 /* SavedFoodbankView.swift */,
				8B2657B52AE7BD780015A3C7 /* SelectedFoodbankView.swift */,
				8B2657B72AE7BD780015A3C7 /* DetailFoodbankView.swift */,
				8B2657B42AE7BD780015A3C7 /* DropOffView.swift */,
			);
			path = Saved;
			sourceTree = "<group>";
		};
		8BB76ABE2AE9593B00E05FA2 /* Tips */ = {
			isa = PBXGroup;
			children = (
				8B2657A02AE7BC800015A3C7 /* ChangeViewTip.swift */,
				8B2657A12AE7BC800015A3C7 /* SelectFoodbankTip.swift */,
			);
			path = Tips;
			sourceTree = "<group>";
		};
/* End PBXGroup section */

/* Begin PBXNativeTarget section */
		8B2657882AE7BBF40015A3C7 /* GiveFoodUK */ = {
			isa = PBXNativeTarget;
			buildConfigurationList = 8B2657972AE7BBF50015A3C7 /* Build configuration list for PBXNativeTarget "GiveFoodUK" */;
			buildPhases = (
				8B2657852AE7BBF40015A3C7 /* Sources */,
				8B2657862AE7BBF40015A3C7 /* Frameworks */,
				8B2657872AE7BBF40015A3C7 /* Resources */,
			);
			buildRules = (
			);
			dependencies = (
			);
			name = GiveFoodUK;
			productName = GiveFoodUK;
			productReference = 8B2657892AE7BBF40015A3C7 /* GiveFoodUK.app */;
			productType = "com.apple.product-type.application";
		};
/* End PBXNativeTarget section */

/* Begin PBXProject section */
		8B2657812AE7BBF40015A3C7 /* Project object */ = {
			isa = PBXProject;
			attributes = {
				BuildIndependentTargetsInParallel = 1;
				LastSwiftUpdateCheck = 1500;
				LastUpgradeCheck = 1500;
				TargetAttributes = {
					8B2657882AE7BBF40015A3C7 = {
						CreatedOnToolsVersion = 15.0.1;
					};
				};
			};
			buildConfigurationList = 8B2657842AE7BBF40015A3C7 /* Build configuration list for PBXProject "GiveFoodUK" */;
			compatibilityVersion = "Xcode 14.0";
			developmentRegion = en;
			hasScannedForEncodings = 0;
			knownRegions = (
				en,
				Base,
			);
			mainGroup = 8B2657802AE7BBF40015A3C7;
			productRefGroup = 8B26578A2AE7BBF40015A3C7 /* Products */;
			projectDirPath = "";
			projectRoot = "";
			targets = (
				8B2657882AE7BBF40015A3C7 /* GiveFoodUK */,
			);
		};
/* End PBXProject section */

/* Begin PBXResourcesBuildPhase section */
		8B2657872AE7BBF40015A3C7 /* Resources */ = {
			isa = PBXResourcesBuildPhase;
			buildActionMask = 2147483647;
			files = (
				8B2657942AE7BBF50015A3C7 /* Preview Assets.xcassets in Resources */,
				8B2657912AE7BBF50015A3C7 /* Assets.xcassets in Resources */,
			);
			runOnlyForDeploymentPostprocessing = 0;
		};
/* End PBXResourcesBuildPhase section */

/* Begin PBXSourcesBuildPhase section */
		8B2657852AE7BBF40015A3C7 /* Sources */ = {
			isa = PBXSourcesBuildPhase;
			buildActionMask = 2147483647;
			files = (
				8B2657A72AE7BC800015A3C7 /* Router.swift in Sources */,
				8B4B25572AEAE44B00C73CFB /* URLSession-Decodable.swift in Sources */,
				8B2657B92AE7BD780015A3C7 /* SelectedFoodbankView.swift in Sources */,
				8B4B255B2AEC1BC200C73CFB /* SearchType-enum.swift in Sources */,
				8B2657A92AE7BC800015A3C7 /* SelectFoodbankTip.swift in Sources */,
				8B26578F2AE7BBF40015A3C7 /* ContentView.swift in Sources */,
				8B2657BA2AE7BD780015A3C7 /* SavedFoodbankView.swift in Sources */,
				8B2657A52AE7BC800015A3C7 /* DataController.swift in Sources */,
				8B2657AF2AE7BD200015A3C7 /* EnterLocationView.swift in Sources */,
				8B2657A32AE7BC800015A3C7 /* Foodbank.swift in Sources */,
				8B4B25542AEACFF100C73CFB /* LocationManager.swift in Sources */,
				8B2657A42AE7BC800015A3C7 /* Location.swift in Sources */,
				8B2657BB2AE7BD780015A3C7 /* DetailFoodbankView.swift in Sources */,
				8B2657B12AE7BD200015A3C7 /* FailedView.swift in Sources */,
				8B26578D2AE7BBF40015A3C7 /* GiveFoodUKApp.swift in Sources */,
				8B2657B82AE7BD780015A3C7 /* DropOffView.swift in Sources */,
				8B2657A62AE7BC800015A3C7 /* ButtonModifiler.swift in Sources */,
				8B2657B02AE7BD200015A3C7 /* LoadedFoodbankView.swift in Sources */,
				8B2657B22AE7BD200015A3C7 /* SelectFoodbankView.swift in Sources */,
				8B4B25592AEBE4C900C73CFB /* FoodbankLocation.swift in Sources */,
				8B2657A82AE7BC800015A3C7 /* ChangeViewTip.swift in Sources */,
			);
			runOnlyForDeploymentPostprocessing = 0;
		};
/* End PBXSourcesBuildPhase section */

/* Begin XCBuildConfiguration section */
		8B2657952AE7BBF50015A3C7 /* Debug */ = {
			isa = XCBuildConfiguration;
			buildSettings = {
				ALWAYS_SEARCH_USER_PATHS = NO;
				ASSETCATALOG_COMPILER_GENERATE_SWIFT_ASSET_SYMBOL_EXTENSIONS = YES;
				CLANG_ANALYZER_NONNULL = YES;
				CLANG_ANALYZER_NUMBER_OBJECT_CONVERSION = YES_AGGRESSIVE;
				CLANG_CXX_LANGUAGE_STANDARD = "gnu++20";
				CLANG_ENABLE_MODULES = YES;
				CLANG_ENABLE_OBJC_ARC = YES;
				CLANG_ENABLE_OBJC_WEAK = YES;
				CLANG_WARN_BLOCK_CAPTURE_AUTORELEASING = YES;
				CLANG_WARN_BOOL_CONVERSION = YES;
				CLANG_WARN_COMMA = YES;
				CLANG_WARN_CONSTANT_CONVERSION = YES;
				CLANG_WARN_DEPRECATED_OBJC_IMPLEMENTATIONS = YES;
				CLANG_WARN_DIRECT_OBJC_ISA_USAGE = YES_ERROR;
				CLANG_WARN_DOCUMENTATION_COMMENTS = YES;
				CLANG_WARN_EMPTY_BODY = YES;
				CLANG_WARN_ENUM_CONVERSION = YES;
				CLANG_WARN_INFINITE_RECURSION = YES;
				CLANG_WARN_INT_CONVERSION = YES;
				CLANG_WARN_NON_LITERAL_NULL_CONVERSION = YES;
				CLANG_WARN_OBJC_IMPLICIT_RETAIN_SELF = YES;
				CLANG_WARN_OBJC_LITERAL_CONVERSION = YES;
				CLANG_WARN_OBJC_ROOT_CLASS = YES_ERROR;
				CLANG_WARN_QUOTED_INCLUDE_IN_FRAMEWORK_HEADER = YES;
				CLANG_WARN_RANGE_LOOP_ANALYSIS = YES;
				CLANG_WARN_STRICT_PROTOTYPES = YES;
				CLANG_WARN_SUSPICIOUS_MOVE = YES;
				CLANG_WARN_UNGUARDED_AVAILABILITY = YES_AGGRESSIVE;
				CLANG_WARN_UNREACHABLE_CODE = YES;
				CLANG_WARN__DUPLICATE_METHOD_MATCH = YES;
				COPY_PHASE_STRIP = NO;
				DEBUG_INFORMATION_FORMAT = dwarf;
				ENABLE_STRICT_OBJC_MSGSEND = YES;
				ENABLE_TESTABILITY = YES;
				ENABLE_USER_SCRIPT_SANDBOXING = YES;
				GCC_C_LANGUAGE_STANDARD = gnu17;
				GCC_DYNAMIC_NO_PIC = NO;
				GCC_NO_COMMON_BLOCKS = YES;
				GCC_OPTIMIZATION_LEVEL = 0;
				GCC_PREPROCESSOR_DEFINITIONS = (
					"DEBUG=1",
					"$(inherited)",
				);
				GCC_WARN_64_TO_32_BIT_CONVERSION = YES;
				GCC_WARN_ABOUT_RETURN_TYPE = YES_ERROR;
				GCC_WARN_UNDECLARED_SELECTOR = YES;
				GCC_WARN_UNINITIALIZED_AUTOS = YES_AGGRESSIVE;
				GCC_WARN_UNUSED_FUNCTION = YES;
				GCC_WARN_UNUSED_VARIABLE = YES;
				IPHONEOS_DEPLOYMENT_TARGET = 17.0;
				LOCALIZATION_PREFERS_STRING_CATALOGS = YES;
				MTL_ENABLE_DEBUG_INFO = INCLUDE_SOURCE;
				MTL_FAST_MATH = YES;
				ONLY_ACTIVE_ARCH = YES;
				SDKROOT = iphoneos;
				SWIFT_ACTIVE_COMPILATION_CONDITIONS = "DEBUG $(inherited)";
				SWIFT_OPTIMIZATION_LEVEL = "-Onone";
			};
			name = Debug;
		};
		8B2657962AE7BBF50015A3C7 /* Release */ = {
			isa = XCBuildConfiguration;
			buildSettings = {
				ALWAYS_SEARCH_USER_PATHS = NO;
				ASSETCATALOG_COMPILER_GENERATE_SWIFT_ASSET_SYMBOL_EXTENSIONS = YES;
				CLANG_ANALYZER_NONNULL = YES;
				CLANG_ANALYZER_NUMBER_OBJECT_CONVERSION = YES_AGGRESSIVE;
				CLANG_CXX_LANGUAGE_STANDARD = "gnu++20";
				CLANG_ENABLE_MODULES = YES;
				CLANG_ENABLE_OBJC_ARC = YES;
				CLANG_ENABLE_OBJC_WEAK = YES;
				CLANG_WARN_BLOCK_CAPTURE_AUTORELEASING = YES;
				CLANG_WARN_BOOL_CONVERSION = YES;
				CLANG_WARN_COMMA = YES;
				CLANG_WARN_CONSTANT_CONVERSION = YES;
				CLANG_WARN_DEPRECATED_OBJC_IMPLEMENTATIONS = YES;
				CLANG_WARN_DIRECT_OBJC_ISA_USAGE = YES_ERROR;
				CLANG_WARN_DOCUMENTATION_COMMENTS = YES;
				CLANG_WARN_EMPTY_BODY = YES;
				CLANG_WARN_ENUM_CONVERSION = YES;
				CLANG_WARN_INFINITE_RECURSION = YES;
				CLANG_WARN_INT_CONVERSION = YES;
				CLANG_WARN_NON_LITERAL_NULL_CONVERSION = YES;
				CLANG_WARN_OBJC_IMPLICIT_RETAIN_SELF = YES;
				CLANG_WARN_OBJC_LITERAL_CONVERSION = YES;
				CLANG_WARN_OBJC_ROOT_CLASS = YES_ERROR;
				CLANG_WARN_QUOTED_INCLUDE_IN_FRAMEWORK_HEADER = YES;
				CLANG_WARN_RANGE_LOOP_ANALYSIS = YES;
				CLANG_WARN_STRICT_PROTOTYPES = YES;
				CLANG_WARN_SUSPICIOUS_MOVE = YES;
				CLANG_WARN_UNGUARDED_AVAILABILITY = YES_AGGRESSIVE;
				CLANG_WARN_UNREACHABLE_CODE = YES;
				CLANG_WARN__DUPLICATE_METHOD_MATCH = YES;
				COPY_PHASE_STRIP = NO;
				DEBUG_INFORMATION_FORMAT = "dwarf-with-dsym";
				ENABLE_NS_ASSERTIONS = NO;
				ENABLE_STRICT_OBJC_MSGSEND = YES;
				ENABLE_USER_SCRIPT_SANDBOXING = YES;
				GCC_C_LANGUAGE_STANDARD = gnu17;
				GCC_NO_COMMON_BLOCKS = YES;
				GCC_WARN_64_TO_32_BIT_CONVERSION = YES;
				GCC_WARN_ABOUT_RETURN_TYPE = YES_ERROR;
				GCC_WARN_UNDECLARED_SELECTOR = YES;
				GCC_WARN_UNINITIALIZED_AUTOS = YES_AGGRESSIVE;
				GCC_WARN_UNUSED_FUNCTION = YES;
				GCC_WARN_UNUSED_VARIABLE = YES;
				IPHONEOS_DEPLOYMENT_TARGET = 17.0;
				LOCALIZATION_PREFERS_STRING_CATALOGS = YES;
				MTL_ENABLE_DEBUG_INFO = NO;
				MTL_FAST_MATH = YES;
				SDKROOT = iphoneos;
				SWIFT_COMPILATION_MODE = wholemodule;
				VALIDATE_PRODUCT = YES;
			};
			name = Release;
		};
		8B2657982AE7BBF50015A3C7 /* Debug */ = {
			isa = XCBuildConfiguration;
			buildSettings = {
				ASSETCATALOG_COMPILER_APPICON_NAME = AppIcon;
				ASSETCATALOG_COMPILER_GLOBAL_ACCENT_COLOR_NAME = AccentColor;
				CODE_SIGN_STYLE = Automatic;
				CURRENT_PROJECT_VERSION = 2;
				DEVELOPMENT_ASSET_PATHS = "\"GiveFoodUK/Preview Content\"";
				DEVELOPMENT_TEAM = 5SYZQ266RF;
				ENABLE_PREVIEWS = YES;
				GENERATE_INFOPLIST_FILE = YES;
				INFOPLIST_FILE = GiveFoodUK/Info.plist;
				INFOPLIST_KEY_CFBundleDisplayName = GiveFoodUK;
				INFOPLIST_KEY_LSApplicationCategoryType = "public.app-category.lifestyle";
				INFOPLIST_KEY_NSLocationWhenInUseUsageDescription = "We need to access your location to find near by Foodbanks";
				INFOPLIST_KEY_UIApplicationSceneManifest_Generation = YES;
				INFOPLIST_KEY_UIApplicationSupportsIndirectInputEvents = YES;
				INFOPLIST_KEY_UILaunchScreen_Generation = YES;
				INFOPLIST_KEY_UISupportedInterfaceOrientations_iPad = "UIInterfaceOrientationPortrait UIInterfaceOrientationPortraitUpsideDown UIInterfaceOrientationLandscapeLeft UIInterfaceOrientationLandscapeRight";
				INFOPLIST_KEY_UISupportedInterfaceOrientations_iPhone = "UIInterfaceOrientationPortrait UIInterfaceOrientationLandscapeLeft UIInterfaceOrientationLandscapeRight";
				LD_RUNPATH_SEARCH_PATHS = (
					"$(inherited)",
					"@executable_path/Frameworks",
				);
				MARKETING_VERSION = 0.1;
				PRODUCT_BUNDLE_IDENTIFIER = co.uk.theappforest.GiveFoodUK;
				PRODUCT_NAME = "$(TARGET_NAME)";
				SWIFT_EMIT_LOC_STRINGS = YES;
				SWIFT_VERSION = 5.0;
				TARGETED_DEVICE_FAMILY = "1,2";
			};
			name = Debug;
		};
		8B2657992AE7BBF50015A3C7 /* Release */ = {
			isa = XCBuildConfiguration;
			buildSettings = {
				ASSETCATALOG_COMPILER_APPICON_NAME = AppIcon;
				ASSETCATALOG_COMPILER_GLOBAL_ACCENT_COLOR_NAME = AccentColor;
				CODE_SIGN_STYLE = Automatic;
				CURRENT_PROJECT_VERSION = 2;
				DEVELOPMENT_ASSET_PATHS = "\"GiveFoodUK/Preview Content\"";
				DEVELOPMENT_TEAM = 5SYZQ266RF;
				ENABLE_PREVIEWS = YES;
				GENERATE_INFOPLIST_FILE = YES;
				INFOPLIST_FILE = GiveFoodUK/Info.plist;
				INFOPLIST_KEY_CFBundleDisplayName = GiveFoodUK;
				INFOPLIST_KEY_LSApplicationCategoryType = "public.app-category.lifestyle";
				INFOPLIST_KEY_NSLocationWhenInUseUsageDescription = "We need to access your location to find near by Foodbanks";
				INFOPLIST_KEY_UIApplicationSceneManifest_Generation = YES;
				INFOPLIST_KEY_UIApplicationSupportsIndirectInputEvents = YES;
				INFOPLIST_KEY_UILaunchScreen_Generation = YES;
				INFOPLIST_KEY_UISupportedInterfaceOrientations_iPad = "UIInterfaceOrientationPortrait UIInterfaceOrientationPortraitUpsideDown UIInterfaceOrientationLandscapeLeft UIInterfaceOrientationLandscapeRight";
				INFOPLIST_KEY_UISupportedInterfaceOrientations_iPhone = "UIInterfaceOrientationPortrait UIInterfaceOrientationLandscapeLeft UIInterfaceOrientationLandscapeRight";
				LD_RUNPATH_SEARCH_PATHS = (
					"$(inherited)",
					"@executable_path/Frameworks",
				);
				MARKETING_VERSION = 0.1;
				PRODUCT_BUNDLE_IDENTIFIER = co.uk.theappforest.GiveFoodUK;
				PRODUCT_NAME = "$(TARGET_NAME)";
				SWIFT_EMIT_LOC_STRINGS = YES;
				SWIFT_VERSION = 5.0;
				TARGETED_DEVICE_FAMILY = "1,2";
			};
			name = Release;
		};
/* End XCBuildConfiguration section */

/* Begin XCConfigurationList section */
		8B2657842AE7BBF40015A3C7 /* Build configuration list for PBXProject "GiveFoodUK" */ = {
			isa = XCConfigurationList;
			buildConfigurations = (
				8B2657952AE7BBF50015A3C7 /* Debug */,
				8B2657962AE7BBF50015A3C7 /* Release */,
			);
			defaultConfigurationIsVisible = 0;
			defaultConfigurationName = Release;
		};
		8B2657972AE7BBF50015A3C7 /* Build configuration list for PBXNativeTarget "GiveFoodUK" */ = {
			isa = XCConfigurationList;
			buildConfigurations = (
				8B2657982AE7BBF50015A3C7 /* Debug */,
				8B2657992AE7BBF50015A3C7 /* Release */,
			);
			defaultConfigurationIsVisible = 0;
			defaultConfigurationName = Release;
		};
/* End XCConfigurationList section */
	};
	rootObject = 8B2657812AE7BBF40015A3C7 /* Project object */;
}
